
Microsoft Visual Studio Solution File, Format Version 12.00
# Visual Studio Version 16
VisualStudioVersion = 16.0.29102.190
MinimumVisualStudioVersion = 10.0.40219.1
Project("{FAE04EC0-301F-11D3-BF4B-00C04F79EFBC}") = "teglatest", "teglatest\teglatest.csproj", "{CA01F209-8163-4074-98BB-843C9E548415}"
EndProject
Global
	GlobalSection(SolutionConfigurationPlatforms) = preSolution
		Debug|Any CPU = Debug|Any CPU
		Release|Any CPU = Release|Any CPU
	EndGlobalSection
	GlobalSection(ProjectConfigurationPlatforms) = postSolution
		{CA01F209-8163-4074-98BB-843C9E548415}.Debug|Any CPU.ActiveCfg = Debug|Any CPU
		{CA01F209-8163-4074-98BB-843C9E548415}.Debug|Any CPU.Build.0 = Debug|Any CPU
		{CA01F209-8163-4074-98BB-843C9E548415}.Release|Any CPU.ActiveCfg = Release|Any CPU
		{CA01F209-8163-4074-98BB-843C9E548415}.Release|Any CPU.Build.0 = Release|Any CPU
	EndGlobalSection
	GlobalSection(SolutionProperties) = preSolution
		HideSolutionNode = FALSE
	EndGlobalSection
	GlobalSection(ExtensibilityGlobals) = postSolution
		SolutionGuid = {8B02F8D0-8AF6-4E03-BA6F-70DF1B187CEA}
	EndGlobalSection
EndGlobal
